
Microsoft Visual Studio Solution File, Format Version 12.00
# Visual Studio 15
VisualStudioVersion = 15.0.26124.0
MinimumVisualStudioVersion = 15.0.26124.0
Project("{FAE04EC0-301F-11D3-BF4B-00C04F79EFBC}") = "API", "API\API.csproj", "{DCE5C60F-112D-45EA-AAED-0D34394B7C5A}"
EndProject
Project("{FAE04EC0-301F-11D3-BF4B-00C04F79EFBC}") = "Application", "Application\Application.csproj", "{AA27212B-6C7D-4551-B2E5-DD8ECC00907D}"
EndProject
Project("{FAE04EC0-301F-11D3-BF4B-00C04F79EFBC}") = "Persistence", "Persistence\Persistence.csproj", "{0FAB5567-6AAA-4947-89B2-835DE955A3D0}"
EndProject
Project("{FAE04EC0-301F-11D3-BF4B-00C04F79EFBC}") = "Domain", "Domain\Domain.csproj", "{4825D947-7A4F-4640-93C0-D92B66B92444}"
EndProject
Global
	GlobalSection(SolutionConfigurationPlatforms) = preSolution
		Debug|Any CPU = Debug|Any CPU
		Debug|x64 = Debug|x64
		Debug|x86 = Debug|x86
		Release|Any CPU = Release|Any CPU
		Release|x64 = Release|x64
		Release|x86 = Release|x86
	EndGlobalSection
	GlobalSection(SolutionProperties) = preSolution
		HideSolutionNode = FALSE
	EndGlobalSection
	GlobalSection(ProjectConfigurationPlatforms) = postSolution
		{DCE5C60F-112D-45EA-AAED-0D34394B7C5A}.Debug|Any CPU.ActiveCfg = Debug|Any CPU
		{DCE5C60F-112D-45EA-AAED-0D34394B7C5A}.Debug|Any CPU.Build.0 = Debug|Any CPU
		{DCE5C60F-112D-45EA-AAED-0D34394B7C5A}.Debug|x64.ActiveCfg = Debug|Any CPU
		{DCE5C60F-112D-45EA-AAED-0D34394B7C5A}.Debug|x64.Build.0 = Debug|Any CPU
		{DCE5C60F-112D-45EA-AAED-0D34394B7C5A}.Debug|x86.ActiveCfg = Debug|Any CPU
		{DCE5C60F-112D-45EA-AAED-0D34394B7C5A}.Debug|x86.Build.0 = Debug|Any CPU
		{DCE5C60F-112D-45EA-AAED-0D34394B7C5A}.Release|Any CPU.ActiveCfg = Release|Any CPU
		{DCE5C60F-112D-45EA-AAED-0D34394B7C5A}.Release|Any CPU.Build.0 = Release|Any CPU
		{DCE5C60F-112D-45EA-AAED-0D34394B7C5A}.Release|x64.ActiveCfg = Release|Any CPU
		{DCE5C60F-112D-45EA-AAED-0D34394B7C5A}.Release|x64.Build.0 = Release|Any CPU
		{DCE5C60F-112D-45EA-AAED-0D34394B7C5A}.Release|x86.ActiveCfg = Release|Any CPU
		{DCE5C60F-112D-45EA-AAED-0D34394B7C5A}.Release|x86.Build.0 = Release|Any CPU
		{AA27212B-6C7D-4551-B2E5-DD8ECC00907D}.Debug|Any CPU.ActiveCfg = Debug|Any CPU
		{AA27212B-6C7D-4551-B2E5-DD8ECC00907D}.Debug|Any CPU.Build.0 = Debug|Any CPU
		{AA27212B-6C7D-4551-B2E5-DD8ECC00907D}.Debug|x64.ActiveCfg = Debug|Any CPU
		{AA27212B-6C7D-4551-B2E5-DD8ECC00907D}.Debug|x64.Build.0 = Debug|Any CPU
		{AA27212B-6C7D-4551-B2E5-DD8ECC00907D}.Debug|x86.ActiveCfg = Debug|Any CPU
		{AA27212B-6C7D-4551-B2E5-DD8ECC00907D}.Debug|x86.Build.0 = Debug|Any CPU
		{AA27212B-6C7D-4551-B2E5-DD8ECC00907D}.Release|Any CPU.ActiveCfg = Release|Any CPU
		{AA27212B-6C7D-4551-B2E5-DD8ECC00907D}.Release|Any CPU.Build.0 = Release|Any CPU
		{AA27212B-6C7D-4551-B2E5-DD8ECC00907D}.Release|x64.ActiveCfg = Release|Any CPU
		{AA27212B-6C7D-4551-B2E5-DD8ECC00907D}.Release|x64.Build.0 = Release|Any CPU
		{AA27212B-6C7D-4551-B2E5-DD8ECC00907D}.Release|x86.ActiveCfg = Release|Any CPU
		{AA27212B-6C7D-4551-B2E5-DD8ECC00907D}.Release|x86.Build.0 = Release|Any CPU
		{0FAB5567-6AAA-4947-89B2-835DE955A3D0}.Debug|Any CPU.ActiveCfg = Debug|Any CPU
		{0FAB5567-6AAA-4947-89B2-835DE955A3D0}.Debug|Any CPU.Build.0 = Debug|Any CPU
		{0FAB5567-6AAA-4947-89B2-835DE955A3D0}.Debug|x64.ActiveCfg = Debug|Any CPU
		{0FAB5567-6AAA-4947-89B2-835DE955A3D0}.Debug|x64.Build.0 = Debug|Any CPU
		{0FAB5567-6AAA-4947-89B2-835DE955A3D0}.Debug|x86.ActiveCfg = Debug|Any CPU
		{0FAB5567-6AAA-4947-89B2-835DE955A3D0}.Debug|x86.Build.0 = Debug|Any CPU
		{0FAB5567-6AAA-4947-89B2-835DE955A3D0}.Release|Any CPU.ActiveCfg = Release|Any CPU
		{0FAB5567-6AAA-4947-89B2-835DE955A3D0}.Release|Any CPU.Build.0 = Release|Any CPU
		{0FAB5567-6AAA-4947-89B2-835DE955A3D0}.Release|x64.ActiveCfg = Release|Any CPU
		{0FAB5567-6AAA-4947-89B2-835DE955A3D0}.Release|x64.Build.0 = Release|Any CPU
		{0FAB5567-6AAA-4947-89B2-835DE955A3D0}.Release|x86.ActiveCfg = Release|Any CPU
		{0FAB5567-6AAA-4947-89B2-835DE955A3D0}.Release|x86.Build.0 = Release|Any CPU
		{4825D947-7A4F-4640-93C0-D92B66B92444}.Debug|Any CPU.ActiveCfg = Debug|Any CPU
		{4825D947-7A4F-4640-93C0-D92B66B92444}.Debug|Any CPU.Build.0 = Debug|Any CPU
		{4825D947-7A4F-4640-93C0-D92B66B92444}.Debug|x64.ActiveCfg = Debug|Any CPU
		{4825D947-7A4F-4640-93C0-D92B66B92444}.Debug|x64.Build.0 = Debug|Any CPU
		{4825D947-7A4F-4640-93C0-D92B66B92444}.Debug|x86.ActiveCfg = Debug|Any CPU
		{4825D947-7A4F-4640-93C0-D92B66B92444}.Debug|x86.Build.0 = Debug|Any CPU
		{4825D947-7A4F-4640-93C0-D92B66B92444}.Release|Any CPU.ActiveCfg = Release|Any CPU
		{4825D947-7A4F-4640-93C0-D92B66B92444}.Release|Any CPU.Build.0 = Release|Any CPU
		{4825D947-7A4F-4640-93C0-D92B66B92444}.Release|x64.ActiveCfg = Release|Any CPU
		{4825D947-7A4F-4640-93C0-D92B66B92444}.Release|x64.Build.0 = Release|Any CPU
		{4825D947-7A4F-4640-93C0-D92B66B92444}.Release|x86.ActiveCfg = Release|Any CPU
		{4825D947-7A4F-4640-93C0-D92B66B92444}.Release|x86.Build.0 = Release|Any CPU
	EndGlobalSection
EndGlobal
